github.com/deer7777/E v0.0.0-20231111092221-0e080683df90 h1:OqIdyGztmYqID6T00fOpwLe5YmI1pE3HI+kaJj//EkA=
github.com/deer7777/E v0.0.0-20231111092221-0e080683df90/go.mod h1:3LA4q7gX9hRIvEIxQteMLel/X1/WCGBdcZiVzV7IwyQ=
github.com/deer7777/E/v2 v2.0.0/go.mod h1:9565IDF4J6xlZtaLZ7pPn4D8y+XEYtYhKf4vT9h9Eaw=
